
Microsoft Visual Studio Solution File, Format Version 12.00
Project("{FAE04EC0-301F-11D3-BF4B-00C04F79EFBC}") = "MethodsDemo", "MethodsDemo\MethodsDemo.csproj", "{90B2956A-2656-499D-ACB2-370B87436C58}"
EndProject
Global
	GlobalSection(SolutionConfigurationPlatforms) = preSolution
		Debug|Any CPU = Debug|Any CPU
		Release|Any CPU = Release|Any CPU
	EndGlobalSection
	GlobalSection(ProjectConfigurationPlatforms) = postSolution
		{90B2956A-2656-499D-ACB2-370B87436C58}.Debug|Any CPU.ActiveCfg = Debug|Any CPU
		{90B2956A-2656-499D-ACB2-370B87436C58}.Debug|Any CPU.Build.0 = Debug|Any CPU
		{90B2956A-2656-499D-ACB2-370B87436C58}.Release|Any CPU.ActiveCfg = Release|Any CPU
		{90B2956A-2656-499D-ACB2-370B87436C58}.Release|Any CPU.Build.0 = Release|Any CPU
	EndGlobalSection
EndGlobal
